// !$*UTF8*$!
{
	archiveVersion = 1;
	classes = {
	};
	objectVersion = 46;
	objects = {

/* Begin PBXBuildFile section */
		2D5BB3421DC3CD4700A9E428 /* Cookie.swift in Sources */ = {isa = PBXBuildFile; fileRef = 2D5BB3411DC3CD4700A9E428 /* Cookie.swift */; };
		2D5BB3441DC3D3D400A9E428 /* Array2D.swift in Sources */ = {isa = PBXBuildFile; fileRef = 2D5BB3431DC3D3D400A9E428 /* Array2D.swift */; };
		2D5BB3461DC3E2C000A9E428 /* Level.swift in Sources */ = {isa = PBXBuildFile; fileRef = 2D5BB3451DC3E2C000A9E428 /* Level.swift */; };
		2D93C1631DC3BDA000301E9A /* AppDelegate.swift in Sources */ = {isa = PBXBuildFile; fileRef = 2D93C1621DC3BDA000301E9A /* AppDelegate.swift */; };
		2D93C1671DC3BDA000301E9A /* GameScene.swift in Sources */ = {isa = PBXBuildFile; fileRef = 2D93C1661DC3BDA000301E9A /* GameScene.swift */; };
		2D93C1691DC3BDA000301E9A /* GameViewController.swift in Sources */ = {isa = PBXBuildFile; fileRef = 2D93C1681DC3BDA000301E9A /* GameViewController.swift */; };
		2D93C16C1DC3BDA000301E9A /* Main.storyboard in Resources */ = {isa = PBXBuildFile; fileRef = 2D93C16A1DC3BDA000301E9A /* Main.storyboard */; };
		2D93C16E1DC3BDA000301E9A /* Assets.xcassets in Resources */ = {isa = PBXBuildFile; fileRef = 2D93C16D1DC3BDA000301E9A /* Assets.xcassets */; };
		2D93C1711DC3BDA000301E9A /* LaunchScreen.storyboard in Resources */ = {isa = PBXBuildFile; fileRef = 2D93C16F1DC3BDA000301E9A /* LaunchScreen.storyboard */; };
		2D93C17C1DC3BDA000301E9A /* CookieCrunchTests.swift in Sources */ = {isa = PBXBuildFile; fileRef = 2D93C17B1DC3BDA000301E9A /* CookieCrunchTests.swift */; };
		2D93C1871DC3BDA100301E9A /* CookieCrunchUITests.swift in Sources */ = {isa = PBXBuildFile; fileRef = 2D93C1861DC3BDA100301E9A /* CookieCrunchUITests.swift */; };
		2D93C1951DC3BF9100301E9A /* Sprites.atlas in Resources */ = {isa = PBXBuildFile; fileRef = 2D93C1941DC3BF9100301E9A /* Sprites.atlas */; };
/* End PBXBuildFile section */

/* Begin PBXContainerItemProxy section */
		2D93C1781DC3BDA000301E9A /* PBXContainerItemProxy */ = {
			isa = PBXContainerItemProxy;
			containerPortal = 2D93C1571DC3BDA000301E9A /* Project object */;
			proxyType = 1;
			remoteGlobalIDString = 2D93C15E1DC3BDA000301E9A;
			remoteInfo = CookieCrunch;
		};
		2D93C1831DC3BDA100301E9A /* PBXContainerItemProxy */ = {
			isa = PBXContainerItemProxy;
			containerPortal = 2D93C1571DC3BDA000301E9A /* Project object */;
			proxyType = 1;
			remoteGlobalIDString = 2D93C15E1DC3BDA000301E9A;
			remoteInfo = CookieCrunch;
		};
/* End PBXContainerItemProxy section */

/* Begin PBXFileReference section */
		2D5BB3411DC3CD4700A9E428 /* Cookie.swift */ = {isa = PBXFileReference; fileEncoding = 4; lastKnownFileType = sourcecode.swift; path = Cookie.swift; sourceTree = "<group>"; };
		2D5BB3431DC3D3D400A9E428 /* Array2D.swift */ = {isa = PBXFileReference; fileEncoding = 4; lastKnownFileType = sourcecode.swift; path = Array2D.swift; sourceTree = "<group>"; };
		2D5BB3451DC3E2C000A9E428 /* Level.swift */ = {isa = PBXFileReference; fileEncoding = 4; lastKnownFileType = sourcecode.swift; path = Level.swift; sourceTree = "<group>"; };
		2D93C15F1DC3BDA000301E9A /* CookieCrunch.app */ = {isa = PBXFileReference; explicitFileType = wrapper.application; includeInIndex = 0; path = CookieCrunch.app; sourceTree = BUILT_PRODUCTS_DIR; };
		2D93C1621DC3BDA000301E9A /* AppDelegate.swift */ = {isa = PBXFileReference; lastKnownFileType = sourcecode.swift; path = AppDelegate.swift; sourceTree = "<group>"; };
		2D93C1661DC3BDA000301E9A /* GameScene.swift */ = {isa = PBXFileReference; lastKnownFileType = sourcecode.swift; path = GameScene.swift; sourceTree = "<group>"; };
		2D93C1681DC3BDA000301E9A /* GameViewController.swift */ = {isa = PBXFileReference; lastKnownFileType = sourcecode.swift; path = GameViewController.swift; sourceTree = "<group>"; };
		2D93C16B1DC3BDA000301E9A /* Base */ = {isa = PBXFileReference; lastKnownFileType = file.storyboard; name = Base; path = Base.lproj/Main.storyboard; sourceTree = "<group>"; };
		2D93C16D1DC3BDA000301E9A /* Assets.xcassets */ = {isa = PBXFileReference; lastKnownFileType = folder.assetcatalog; path = Assets.xcassets; sourceTree = "<group>"; };
		2D93C1701DC3BDA000301E9A /* Base */ = {isa = PBXFileReference; lastKnownFileType = file.storyboard; name = Base; path = Base.lproj/LaunchScreen.storyboard; sourceTree = "<group>"; };
		2D93C1721DC3BDA000301E9A /* Info.plist */ = {isa = PBXFileReference; lastKnownFileType = text.plist.xml; path = Info.plist; sourceTree = "<group>"; };
		2D93C1771DC3BDA000301E9A /* CookieCrunchTests.xctest */ = {isa = PBXFileReference; explicitFileType = wrapper.cfbundle; includeInIndex = 0; path = CookieCrunchTests.xctest; sourceTree = BUILT_PRODUCTS_DIR; };
		2D93C17B1DC3BDA000301E9A /* CookieCrunchTests.swift */ = {isa = PBXFileReference; lastKnownFileType = sourcecode.swift; path = CookieCrunchTests.swift; sourceTree = "<group>"; };
		2D93C17D1DC3BDA000301E9A /* Info.plist */ = {isa = PBXFileReference; lastKnownFileType = text.plist.xml; path = Info.plist; sourceTree = "<group>"; };
		2D93C1821DC3BDA100301E9A /* CookieCrunchUITests.xctest */ = {isa = PBXFileReference; explicitFileType = wrapper.cfbundle; includeInIndex = 0; path = CookieCrunchUITests.xctest; sourceTree = BUILT_PRODUCTS_DIR; };
		2D93C1861DC3BDA100301E9A /* CookieCrunchUITests.swift */ = {isa = PBXFileReference; lastKnownFileType = sourcecode.swift; path = CookieCrunchUITests.swift; sourceTree = "<group>"; };
		2D93C1881DC3BDA100301E9A /* Info.plist */ = {isa = PBXFileReference; lastKnownFileType = text.plist.xml; path = Info.plist; sourceTree = "<group>"; };
		2D93C1941DC3BF9100301E9A /* Sprites.atlas */ = {isa = PBXFileReference; lastKnownFileType = folder.skatlas; path = Sprites.atlas; sourceTree = "<group>"; };
/* End PBXFileReference section */

/* Begin PBXFrameworksBuildPhase section */
		2D93C15C1DC3BDA000301E9A /* Frameworks */ = {
			isa = PBXFrameworksBuildPhase;
			buildActionMask = 2147483647;
			files = (
			);
			runOnlyForDeploymentPostprocessing = 0;
		};
		2D93C1741DC3BDA000301E9A /* Frameworks */ = {
			isa = PBXFrameworksBuildPhase;
			buildActionMask = 2147483647;
			files = (
			);
			runOnlyForDeploymentPostprocessing = 0;
		};
		2D93C17F1DC3BDA100301E9A /* Frameworks */ = {
			isa = PBXFrameworksBuildPhase;
			buildActionMask = 2147483647;
			files = (
			);
			runOnlyForDeploymentPostprocessing = 0;
		};
/* End PBXFrameworksBuildPhase section */

/* Begin PBXGroup section */
		2D93C1561DC3BDA000301E9A = {
			isa = PBXGroup;
			children = (
				2D93C1611DC3BDA000301E9A /* CookieCrunch */,
				2D93C17A1DC3BDA000301E9A /* CookieCrunchTests */,
				2D93C1851DC3BDA100301E9A /* CookieCrunchUITests */,
				2D93C1601DC3BDA000301E9A /* Products */,
			);
			sourceTree = "<group>";
		};
		2D93C1601DC3BDA000301E9A /* Products */ = {
			isa = PBXGroup;
			children = (
				2D93C15F1DC3BDA000301E9A /* CookieCrunch.app */,
				2D93C1771DC3BDA000301E9A /* CookieCrunchTests.xctest */,
				2D93C1821DC3BDA100301E9A /* CookieCrunchUITests.xctest */,
			);
			name = Products;
			sourceTree = "<group>";
		};
		2D93C1611DC3BDA000301E9A /* CookieCrunch */ = {
			isa = PBXGroup;
			children = (
				2D93C1621DC3BDA000301E9A /* AppDelegate.swift */,
				2D93C1661DC3BDA000301E9A /* GameScene.swift */,
				2D93C1681DC3BDA000301E9A /* GameViewController.swift */,
				2D5BB3411DC3CD4700A9E428 /* Cookie.swift */,
				2D5BB3451DC3E2C000A9E428 /* Level.swift */,
				2D5BB3431DC3D3D400A9E428 /* Array2D.swift */,
				2D93C16A1DC3BDA000301E9A /* Main.storyboard */,
				2D93C16D1DC3BDA000301E9A /* Assets.xcassets */,
				2D93C16F1DC3BDA000301E9A /* LaunchScreen.storyboard */,
				2D93C1721DC3BDA000301E9A /* Info.plist */,
				2D93C1941DC3BF9100301E9A /* Sprites.atlas */,
			);
			path = CookieCrunch;
			sourceTree = "<group>";
		};
		2D93C17A1DC3BDA000301E9A /* CookieCrunchTests */ = {
			isa = PBXGroup;
			children = (
				2D93C17B1DC3BDA000301E9A /* CookieCrunchTests.swift */,
				2D93C17D1DC3BDA000301E9A /* Info.plist */,
			);
			path = CookieCrunchTests;
			sourceTree = "<group>";
		};
		2D93C1851DC3BDA100301E9A /* CookieCrunchUITests */ = {
			isa = PBXGroup;
			children = (
				2D93C1861DC3BDA100301E9A /* CookieCrunchUITests.swift */,
				2D93C1881DC3BDA100301E9A /* Info.plist */,
			);
			path = CookieCrunchUITests;
			sourceTree = "<group>";
		};
/* End PBXGroup section */

/* Begin PBXNativeTarget section */
		2D93C15E1DC3BDA000301E9A /* CookieCrunch */ = {
			isa = PBXNativeTarget;
			buildConfigurationList = 2D93C18B1DC3BDA100301E9A /* Build configuration list for PBXNativeTarget "CookieCrunch" */;
			buildPhases = (
				2D93C15B1DC3BDA000301E9A /* Sources */,
				2D93C15C1DC3BDA000301E9A /* Frameworks */,
				2D93C15D1DC3BDA000301E9A /* Resources */,
			);
			buildRules = (
			);
			dependencies = (
			);
			name = CookieCrunch;
			productName = CookieCrunch;
			productReference = 2D93C15F1DC3BDA000301E9A /* CookieCrunch.app */;
			productType = "com.apple.product-type.application";
		};
		2D93C1761DC3BDA000301E9A /* CookieCrunchTests */ = {
			isa = PBXNativeTarget;
			buildConfigurationList = 2D93C18E1DC3BDA100301E9A /* Build configuration list for PBXNativeTarget "CookieCrunchTests" */;
			buildPhases = (
				2D93C1731DC3BDA000301E9A /* Sources */,
				2D93C1741DC3BDA000301E9A /* Frameworks */,
				2D93C1751DC3BDA000301E9A /* Resources */,
			);
			buildRules = (
			);
			dependencies = (
				2D93C1791DC3BDA000301E9A /* PBXTargetDependency */,
			);
			name = CookieCrunchTests;
			productName = CookieCrunchTests;
			productReference = 2D93C1771DC3BDA000301E9A /* CookieCrunchTests.xctest */;
			productType = "com.apple.product-type.bundle.unit-test";
		};
		2D93C1811DC3BDA100301E9A /* CookieCrunchUITests */ = {
			isa = PBXNativeTarget;
			buildConfigurationList = 2D93C1911DC3BDA100301E9A /* Build configuration list for PBXNativeTarget "CookieCrunchUITests" */;
			buildPhases = (
				2D93C17E1DC3BDA100301E9A /* Sources */,
				2D93C17F1DC3BDA100301E9A /* Frameworks */,
				2D93C1801DC3BDA100301E9A /* Resources */,
			);
			buildRules = (
			);
			dependencies = (
				2D93C1841DC3BDA100301E9A /* PBXTargetDependency */,
			);
			name = CookieCrunchUITests;
			productName = CookieCrunchUITests;
			productReference = 2D93C1821DC3BDA100301E9A /* CookieCrunchUITests.xctest */;
			productType = "com.apple.product-type.bundle.ui-testing";
		};
/* End PBXNativeTarget section */

/* Begin PBXProject section */
		2D93C1571DC3BDA000301E9A /* Project object */ = {
			isa = PBXProject;
			attributes = {
				LastSwiftUpdateCheck = 0730;
				LastUpgradeCheck = 0730;
				ORGANIZATIONNAME = "Chris Jungmann";
				TargetAttributes = {
					2D93C15E1DC3BDA000301E9A = {
						CreatedOnToolsVersion = 7.3;
						LastSwiftMigration = 0810;
					};
					2D93C1761DC3BDA000301E9A = {
						CreatedOnToolsVersion = 7.3;
						LastSwiftMigration = 0810;
						TestTargetID = 2D93C15E1DC3BDA000301E9A;
					};
					2D93C1811DC3BDA100301E9A = {
						CreatedOnToolsVersion = 7.3;
						LastSwiftMigration = 0810;
						TestTargetID = 2D93C15E1DC3BDA000301E9A;
					};
				};
			};
			buildConfigurationList = 2D93C15A1DC3BDA000301E9A /* Build configuration list for PBXProject "CookieCrunch" */;
			compatibilityVersion = "Xcode 3.2";
			developmentRegion = English;
			hasScannedForEncodings = 0;
			knownRegions = (
				en,
				Base,
			);
			mainGroup = 2D93C1561DC3BDA000301E9A;
			productRefGroup = 2D93C1601DC3BDA000301E9A /* Products */;
			projectDirPath = "";
			projectRoot = "";
			targets = (
				2D93C15E1DC3BDA000301E9A /* CookieCrunch */,
				2D93C1761DC3BDA000301E9A /* CookieCrunchTests */,
				2D93C1811DC3BDA100301E9A /* CookieCrunchUITests */,
			);
		};
/* End PBXProject section */

/* Begin PBXResourcesBuildPhase section */
		2D93C15D1DC3BDA000301E9A /* Resources */ = {
			isa = PBXResourcesBuildPhase;
			buildActionMask = 2147483647;
			files = (
				2D93C1711DC3BDA000301E9A /* LaunchScreen.storyboard in Resources */,
				2D93C16E1DC3BDA000301E9A /* Assets.xcassets in Resources */,
				2D93C16C1DC3BDA000301E9A /* Main.storyboard in Resources */,
				2D93C1951DC3BF9100301E9A /* Sprites.atlas in Resources */,
			);
			runOnlyForDeploymentPostprocessing = 0;
		};
		2D93C1751DC3BDA000301E9A /* Resources */ = {
			isa = PBXResourcesBuildPhase;
			buildActionMask = 2147483647;
			files = (
			);
			runOnlyForDeploymentPostprocessing = 0;
		};
		2D93C1801DC3BDA100301E9A /* Resources */ = {
			isa = PBXResourcesBuildPhase;
			buildActionMask = 2147483647;
			files = (
			);
			runOnlyForDeploymentPostprocessing = 0;
		};
/* End PBXResourcesBuildPhase section */

/* Begin PBXSourcesBuildPhase section */
		2D93C15B1DC3BDA000301E9A /* Sources */ = {
			isa = PBXSourcesBuildPhase;
			buildActionMask = 2147483647;
			files = (
				2D5BB3461DC3E2C000A9E428 /* Level.swift in Sources */,
				2D93C1671DC3BDA000301E9A /* GameScene.swift in Sources */,
				2D5BB3421DC3CD4700A9E428 /* Cookie.swift in Sources */,
				2D93C1691DC3BDA000301E9A /* GameViewController.swift in Sources */,
				2D93C1631DC3BDA000301E9A /* AppDelegate.swift in Sources */,
				2D5BB3441DC3D3D400A9E428 /* Array2D.swift in Sources */,
			);
			runOnlyForDeploymentPostprocessing = 0;
		};
		2D93C1731DC3BDA000301E9A /* Sources */ = {
			isa = PBXSourcesBuildPhase;
			buildActionMask = 2147483647;
			files = (
				2D93C17C1DC3BDA000301E9A /* CookieCrunchTests.swift in Sources */,
			);
			runOnlyForDeploymentPostprocessing = 0;
		};
		2D93C17E1DC3BDA100301E9A /* Sources */ = {
			isa = PBXSourcesBuildPhase;
			buildActionMask = 2147483647;
			files = (
				2D93C1871DC3BDA100301E9A /* CookieCrunchUITests.swift in Sources */,
			);
			runOnlyForDeploymentPostprocessing = 0;
		};
/* End PBXSourcesBuildPhase section */

/* Begin PBXTargetDependency section */
		2D93C1791DC3BDA000301E9A /* PBXTargetDependency */ = {
			isa = PBXTargetDependency;
			target = 2D93C15E1DC3BDA000301E9A /* CookieCrunch */;
			targetProxy = 2D93C1781DC3BDA000301E9A /* PBXContainerItemProxy */;
		};
		2D93C1841DC3BDA100301E9A /* PBXTargetDependency */ = {
			isa = PBXTargetDependency;
			target = 2D93C15E1DC3BDA000301E9A /* CookieCrunch */;
			targetProxy = 2D93C1831DC3BDA100301E9A /* PBXContainerItemProxy */;
		};
/* End PBXTargetDependency section */

/* Begin PBXVariantGroup section */
		2D93C16A1DC3BDA000301E9A /* Main.storyboard */ = {
			isa = PBXVariantGroup;
			children = (
				2D93C16B1DC3BDA000301E9A /* Base */,
			);
			name = Main.storyboard;
			sourceTree = "<group>";
		};
		2D93C16F1DC3BDA000301E9A /* LaunchScreen.storyboard */ = {
			isa = PBXVariantGroup;
			children = (
				2D93C1701DC3BDA000301E9A /* Base */,
			);
			name = LaunchScreen.storyboard;
			sourceTree = "<group>";
		};
/* End PBXVariantGroup section */

/* Begin XCBuildConfiguration section */
		2D93C1891DC3BDA100301E9A /* Debug */ = {
			isa = XCBuildConfiguration;
			buildSettings = {
				ALWAYS_SEARCH_USER_PATHS = NO;
				CLANG_ANALYZER_NONNULL = YES;
				CLANG_CXX_LANGUAGE_STANDARD = "gnu++0x";
				CLANG_CXX_LIBRARY = "libc++";
				CLANG_ENABLE_MODULES = YES;
				CLANG_ENABLE_OBJC_ARC = YES;
				CLANG_WARN_BOOL_CONVERSION = YES;
				CLANG_WARN_CONSTANT_CONVERSION = YES;
				CLANG_WARN_DIRECT_OBJC_ISA_USAGE = YES_ERROR;
				CLANG_WARN_EMPTY_BODY = YES;
				CLANG_WARN_ENUM_CONVERSION = YES;
				CLANG_WARN_INT_CONVERSION = YES;
				CLANG_WARN_OBJC_ROOT_CLASS = YES_ERROR;
				CLANG_WARN_UNREACHABLE_CODE = YES;
				CLANG_WARN__DUPLICATE_METHOD_MATCH = YES;
				"CODE_SIGN_IDENTITY[sdk=iphoneos*]" = "iPhone Developer";
				COPY_PHASE_STRIP = NO;
				DEBUG_INFORMATION_FORMAT = "dwarf-with-dsym";
				ENABLE_STRICT_OBJC_MSGSEND = YES;
				ENABLE_TESTABILITY = YES;
				GCC_C_LANGUAGE_STANDARD = gnu99;
				GCC_DYNAMIC_NO_PIC = NO;
				GCC_NO_COMMON_BLOCKS = YES;
				GCC_OPTIMIZATION_LEVEL = 0;
				GCC_PREPROCESSOR_DEFINITIONS = (
					"DEBUG=1",
					"$(inherited)",
				);
				GCC_WARN_64_TO_32_BIT_CONVERSION = YES;
				GCC_WARN_ABOUT_RETURN_TYPE = YES_ERROR;
				GCC_WARN_UNDECLARED_SELECTOR = YES;
				GCC_WARN_UNINITIALIZED_AUTOS = YES_AGGRESSIVE;
				GCC_WARN_UNUSED_FUNCTION = YES;
				GCC_WARN_UNUSED_VARIABLE = YES;
				IPHONEOS_DEPLOYMENT_TARGET = 9.3;
				MTL_ENABLE_DEBUG_INFO = YES;
				ONLY_ACTIVE_ARCH = YES;
				SDKROOT = iphoneos;
				SWIFT_OPTIMIZATION_LEVEL = "-Onone";
			};
			name = Debug;
		};
		2D93C18A1DC3BDA100301E9A /* Release */ = {
			isa = XCBuildConfiguration;
			buildSettings = {
				ALWAYS_SEARCH_USER_PATHS = NO;
				CLANG_ANALYZER_NONNULL = YES;
				CLANG_CXX_LANGUAGE_STANDARD = "gnu++0x";
				CLANG_CXX_LIBRARY = "libc++";
				CLANG_ENABLE_MODULES = YES;
				CLANG_ENABLE_OBJC_ARC = YES;
				CLANG_WARN_BOOL_CONVERSION = YES;
				CLANG_WARN_CONSTANT_CONVERSION = YES;
				CLANG_WARN_DIRECT_OBJC_ISA_USAGE = YES_ERROR;
				CLANG_WARN_EMPTY_BODY = YES;
				CLANG_WARN_ENUM_CONVERSION = YES;
				CLANG_WARN_INT_CONVERSION = YES;
				CLANG_WARN_OBJC_ROOT_CLASS = YES_ERROR;
				CLANG_WARN_UNREACHABLE_CODE = YES;
				CLANG_WARN__DUPLICATE_METHOD_MATCH = YES;
				"CODE_SIGN_IDENTITY[sdk=iphoneos*]" = "iPhone Developer";
				COPY_PHASE_STRIP = NO;
				DEBUG_INFORMATION_FORMAT = "dwarf-with-dsym";
				ENABLE_NS_ASSERTIONS = NO;
				ENABLE_STRICT_OBJC_MSGSEND = YES;
				GCC_C_LANGUAGE_STANDARD = gnu99;
				GCC_NO_COMMON_BLOCKS = YES;
				GCC_WARN_64_TO_32_BIT_CONVERSION = YES;
				GCC_WARN_ABOUT_RETURN_TYPE = YES_ERROR;
				GCC_WARN_UNDECLARED_SELECTOR = YES;
				GCC_WARN_UNINITIALIZED_AUTOS = YES_AGGRESSIVE;
				GCC_WARN_UNUSED_FUNCTION = YES;
				GCC_WARN_UNUSED_VARIABLE = YES;
				IPHONEOS_DEPLOYMENT_TARGET = 9.3;
				MTL_ENABLE_DEBUG_INFO = NO;
				SDKROOT = iphoneos;
				VALIDATE_PRODUCT = YES;
			};
			name = Release;
		};
		2D93C18C1DC3BDA100301E9A /* Debug */ = {
			isa = XCBuildConfiguration;
			buildSettings = {
				ASSETCATALOG_COMPILER_APPICON_NAME = AppIcon;
				INFOPLIST_FILE = CookieCrunch/Info.plist;
				LD_RUNPATH_SEARCH_PATHS = "$(inherited) @executable_path/Frameworks";
				PRODUCT_BUNDLE_IDENTIFIER = com.incaffeine.CookieCrunch;
				PRODUCT_NAME = "$(TARGET_NAME)";
				SWIFT_VERSION = 3.0;
			};
			name = Debug;
		};
		2D93C18D1DC3BDA100301E9A /* Release */ = {
			isa = XCBuildConfiguration;
			buildSettings = {
				ASSETCATALOG_COMPILER_APPICON_NAME = AppIcon;
				INFOPLIST_FILE = CookieCrunch/Info.plist;
				LD_RUNPATH_SEARCH_PATHS = "$(inherited) @executable_path/Frameworks";
				PRODUCT_BUNDLE_IDENTIFIER = com.incaffeine.CookieCrunch;
				PRODUCT_NAME = "$(TARGET_NAME)";
				SWIFT_VERSION = 3.0;
			};
			name = Release;
		};
		2D93C18F1DC3BDA100301E9A /* Debug */ = {
			isa = XCBuildConfiguration;
			buildSettings = {
				BUNDLE_LOADER = "$(TEST_HOST)";
				DEBUG_INFORMATION_FORMAT = dwarf;
				INFOPLIST_FILE = CookieCrunchTests/Info.plist;
				LD_RUNPATH_SEARCH_PATHS = "$(inherited) @executable_path/Frameworks @loader_path/Frameworks";
				PRODUCT_BUNDLE_IDENTIFIER = com.incaffeine.CookieCrunchTests;
				PRODUCT_NAME = "$(TARGET_NAME)";
				SWIFT_VERSION = 3.0;
				TEST_HOST = "$(BUILT_PRODUCTS_DIR)/CookieCrunch.app/CookieCrunch";
			};
			name = Debug;
		};
		2D93C1901DC3BDA100301E9A /* Release */ = {
			isa = XCBuildConfiguration;
			buildSettings = {
				BUNDLE_LOADER = "$(TEST_HOST)";
				INFOPLIST_FILE = CookieCrunchTests/Info.plist;
				LD_RUNPATH_SEARCH_PATHS = "$(inherited) @executable_path/Frameworks @loader_path/Frameworks";
				PRODUCT_BUNDLE_IDENTIFIER = com.incaffeine.CookieCrunchTests;
				PRODUCT_NAME = "$(TARGET_NAME)";
				SWIFT_VERSION = 3.0;
				TEST_HOST = "$(BUILT_PRODUCTS_DIR)/CookieCrunch.app/CookieCrunch";
			};
			name = Release;
		};
		2D93C1921DC3BDA100301E9A /* Debug */ = {
			isa = XCBuildConfiguration;
			buildSettings = {
				DEBUG_INFORMATION_FORMAT = dwarf;
				INFOPLIST_FILE = CookieCrunchUITests/Info.plist;
				LD_RUNPATH_SEARCH_PATHS = "$(inherited) @executable_path/Frameworks @loader_path/Frameworks";
				PRODUCT_BUNDLE_IDENTIFIER = com.incaffeine.CookieCrunchUITests;
				PRODUCT_NAME = "$(TARGET_NAME)";
				SWIFT_VERSION = 3.0;
				TEST_TARGET_NAME = CookieCrunch;
			};
			name = Debug;
		};
		2D93C1931DC3BDA100301E9A /* Release */ = {
			isa = XCBuildConfiguration;
			buildSettings = {
				INFOPLIST_FILE = CookieCrunchUITests/Info.plist;
				LD_RUNPATH_SEARCH_PATHS = "$(inherited) @executable_path/Frameworks @loader_path/Frameworks";
				PRODUCT_BUNDLE_IDENTIFIER = com.incaffeine.CookieCrunchUITests;
				PRODUCT_NAME = "$(TARGET_NAME)";
				SWIFT_VERSION = 3.0;
				TEST_TARGET_NAME = CookieCrunch;
			};
			name = Release;
		};
/* End XCBuildConfiguration section */

/* Begin XCConfigurationList section */
		2D93C15A1DC3BDA000301E9A /* Build configuration list for PBXProject "CookieCrunch" */ = {
			isa = XCConfigurationList;
			buildConfigurations = (
				2D93C1891DC3BDA100301E9A /* Debug */,
				2D93C18A1DC3BDA100301E9A /* Release */,
			);
			defaultConfigurationIsVisible = 0;
			defaultConfigurationName = Release;
		};
		2D93C18B1DC3BDA100301E9A /* Build configuration list for PBXNativeTarget "CookieCrunch" */ = {
			isa = XCConfigurationList;
			buildConfigurations = (
				2D93C18C1DC3BDA100301E9A /* Debug */,
				2D93C18D1DC3BDA100301E9A /* Release */,
			);
			defaultConfigurationIsVisible = 0;
			defaultConfigurationName = Release;
		};
		2D93C18E1DC3BDA100301E9A /* Build configuration list for PBXNativeTarget "CookieCrunchTests" */ = {
			isa = XCConfigurationList;
			buildConfigurations = (
				2D93C18F1DC3BDA100301E9A /* Debug */,
				2D93C1901DC3BDA100301E9A /* Release */,
			);
			defaultConfigurationIsVisible = 0;
			defaultConfigurationName = Release;
		};
		2D93C1911DC3BDA100301E9A /* Build configuration list for PBXNativeTarget "CookieCrunchUITests" */ = {
			isa = XCConfigurationList;
			buildConfigurations = (
				2D93C1921DC3BDA100301E9A /* Debug */,
				2D93C1931DC3BDA100301E9A /* Release */,
			);
			defaultConfigurationIsVisible = 0;
			defaultConfigurationName = Release;
		};
/* End XCConfigurationList section */
	};
	rootObject = 2D93C1571DC3BDA000301E9A /* Project object */;
}
